
Microsoft Visual Studio Solution File, Format Version 12.00
# Visual Studio Version 16
VisualStudioVersion = 16.0.31402.337
MinimumVisualStudioVersion = 10.0.40219.1
Project("{FAE04EC0-301F-11D3-BF4B-00C04F79EFBC}") = "LibraryManagementSystem", "LibraryManagementSystem\LibraryManagementSystem.csproj", "{DD5CFBC3-582B-403D-BEAC-6491438C27CB}"
EndProject
Global
	GlobalSection(SolutionConfigurationPlatforms) = preSolution
		Debug|Any CPU = Debug|Any CPU
		Release|Any CPU = Release|Any CPU
	EndGlobalSection
	GlobalSection(ProjectConfigurationPlatforms) = postSolution
		{DD5CFBC3-582B-403D-BEAC-6491438C27CB}.Debug|Any CPU.ActiveCfg = Debug|Any CPU
		{DD5CFBC3-582B-403D-BEAC-6491438C27CB}.Debug|Any CPU.Build.0 = Debug|Any CPU
		{DD5CFBC3-582B-403D-BEAC-6491438C27CB}.Release|Any CPU.ActiveCfg = Release|Any CPU
		{DD5CFBC3-582B-403D-BEAC-6491438C27CB}.Release|Any CPU.Build.0 = Release|Any CPU
	EndGlobalSection
	GlobalSection(SolutionProperties) = preSolution
		HideSolutionNode = FALSE
	EndGlobalSection
	GlobalSection(ExtensibilityGlobals) = postSolution
		SolutionGuid = {0F7B2DED-44D8-4319-B32F-7D07A090335D}
	EndGlobalSection
EndGlobal
